
Microsoft Visual Studio Solution File, Format Version 12.00
# Visual Studio Version 17
VisualStudioVersion = 17.1.32414.318
MinimumVisualStudioVersion = 10.0.40219.1
Project("{9A19103F-16F7-4668-BE54-9A1E7A4F7556}") = "CopaSeriesApi", "CopaSeriesApi\CopaSeriesApi.csproj", "{F0A03008-26C7-4DFB-BCFD-574EB45AA0F6}"
EndProject
Project("{9A19103F-16F7-4668-BE54-9A1E7A4F7556}") = "CopaSeriesTest", "CopaSeriesTest\CopaSeriesTest.csproj", "{9D806002-8CCC-47C5-9329-FEB0A127EA33}"
EndProject
Project("{9A19103F-16F7-4668-BE54-9A1E7A4F7556}") = "CopaSeriesMVC", "CopaSeriesMVC\CopaSeriesMVC.csproj", "{8FFBB030-085E-4196-91B5-FF5381DAECD4}"
EndProject
Project("{FAE04EC0-301F-11D3-BF4B-00C04F79EFBC}") = "CopaSeriesReact", "CopaSeriesReact\CopaSeriesReact.csproj", "{05FE752D-43B7-4B2B-B1D0-1D4A48371642}"
EndProject
Global
	GlobalSection(SolutionConfigurationPlatforms) = preSolution
		Debug|Any CPU = Debug|Any CPU
		Release|Any CPU = Release|Any CPU
	EndGlobalSection
	GlobalSection(ProjectConfigurationPlatforms) = postSolution
		{F0A03008-26C7-4DFB-BCFD-574EB45AA0F6}.Debug|Any CPU.ActiveCfg = Debug|Any CPU
		{F0A03008-26C7-4DFB-BCFD-574EB45AA0F6}.Debug|Any CPU.Build.0 = Debug|Any CPU
		{F0A03008-26C7-4DFB-BCFD-574EB45AA0F6}.Release|Any CPU.ActiveCfg = Release|Any CPU
		{F0A03008-26C7-4DFB-BCFD-574EB45AA0F6}.Release|Any CPU.Build.0 = Release|Any CPU
		{9D806002-8CCC-47C5-9329-FEB0A127EA33}.Debug|Any CPU.ActiveCfg = Debug|Any CPU
		{9D806002-8CCC-47C5-9329-FEB0A127EA33}.Debug|Any CPU.Build.0 = Debug|Any CPU
		{9D806002-8CCC-47C5-9329-FEB0A127EA33}.Release|Any CPU.ActiveCfg = Release|Any CPU
		{9D806002-8CCC-47C5-9329-FEB0A127EA33}.Release|Any CPU.Build.0 = Release|Any CPU
		{8FFBB030-085E-4196-91B5-FF5381DAECD4}.Debug|Any CPU.ActiveCfg = Debug|Any CPU
		{8FFBB030-085E-4196-91B5-FF5381DAECD4}.Debug|Any CPU.Build.0 = Debug|Any CPU
		{8FFBB030-085E-4196-91B5-FF5381DAECD4}.Release|Any CPU.ActiveCfg = Release|Any CPU
		{8FFBB030-085E-4196-91B5-FF5381DAECD4}.Release|Any CPU.Build.0 = Release|Any CPU
		{05FE752D-43B7-4B2B-B1D0-1D4A48371642}.Debug|Any CPU.ActiveCfg = Debug|Any CPU
		{05FE752D-43B7-4B2B-B1D0-1D4A48371642}.Debug|Any CPU.Build.0 = Debug|Any CPU
		{05FE752D-43B7-4B2B-B1D0-1D4A48371642}.Release|Any CPU.ActiveCfg = Release|Any CPU
		{05FE752D-43B7-4B2B-B1D0-1D4A48371642}.Release|Any CPU.Build.0 = Release|Any CPU
	EndGlobalSection
	GlobalSection(SolutionProperties) = preSolution
		HideSolutionNode = FALSE
	EndGlobalSection
	GlobalSection(ExtensibilityGlobals) = postSolution
		SolutionGuid = {678CE534-2895-42EE-AF65-87D7B0D84D68}
	EndGlobalSection
EndGlobal
